{
  "nodes": {
    "nixpkgs": {
      "locked": {
        "lastModified": 1636281509,
        "narHash": "sha256-oQL+ZMoWTASLOhR7vXrKaQ/dmbGwxgafpG0cyuARvv0=",
        "owner": "NixOS",
        "repo": "nixpkgs",
        "rev": "f6a3eba5874c11d0e13e40522055347e587e5140",
        "type": "github"
      },
      "original": {
        "id": "nixpkgs",
        "type": "indirect"
      }
    },
    "root": {
      "inputs": {
        "nixpkgs": "nixpkgs"
      }
    }
  },
  "root": "root",
  "version": 7
}
